
Microsoft Visual Studio Solution File, Format Version 12.00
# Visual Studio 14
VisualStudioVersion = 14.0.25420.1
MinimumVisualStudioVersion = 10.0.40219.1
Project("{2150E333-8FDC-42A3-9474-1A3956D46DE8}") = "Vcyber.BLMS.Core", "Vcyber.BLMS.Core", "{CB1B0FA9-EA7B-4B4F-BEA3-E50B60534A73}"
EndProject
Project("{2150E333-8FDC-42A3-9474-1A3956D46DE8}") = "Vcyber.BLMS.Api", "Vcyber.BLMS.Api", "{CD0A2643-8200-416F-8551-024695C72436}"
EndProject
Project("{2150E333-8FDC-42A3-9474-1A3956D46DE8}") = "Vcyber.BLMS.Repository", "Vcyber.BLMS.Repository", "{488A117C-0226-4447-A1F5-34B465CB7E97}"
EndProject
Project("{2150E333-8FDC-42A3-9474-1A3956D46DE8}") = "Vcyber.BLMS.Infrastructure", "Vcyber.BLMS.Infrastructure", "{2535DF2D-4A40-4CBB-B318-4AA2A0B26C60}"
EndProject
Project("{2150E333-8FDC-42A3-9474-1A3956D46DE8}") = "Vcyber.BLMS.Web", "Vcyber.BLMS.Web", "{6018A1FC-6BE0-4ED8-A48C-5C40CCA155E3}"
EndProject
Project("{FAE04EC0-301F-11D3-BF4B-00C04F79EFBC}") = "Vcyber.BLMS.Application", "Vcyber.BLMS.Application\Vcyber.BLMS.Application.csproj", "{8F42CB56-8F0B-4DAA-9705-3AC51946FE7E}"
EndProject
Project("{FAE04EC0-301F-11D3-BF4B-00C04F79EFBC}") = "Vcyber.BLMS.Domain", "Vcyber.BLMS.Domain\Vcyber.BLMS.Domain.csproj", "{65FFE727-9AE8-49C7-8416-6B707897F105}"
EndProject
Project("{FAE04EC0-301F-11D3-BF4B-00C04F79EFBC}") = "Vcyber.BLMS.Common", "Vcyber.BLMS.Common\Vcyber.BLMS.Common.csproj", "{47CFCBBD-D6CC-48C6-83AD-962350D42AC8}"
EndProject
Project("{FAE04EC0-301F-11D3-BF4B-00C04F79EFBC}") = "Vcyber.BLMS.Entity", "Vcyber.BLMS.Entity\Vcyber.BLMS.Entity.csproj", "{197FD01D-355D-485D-B6E0-7B4A2940D2AA}"
EndProject
Project("{FAE04EC0-301F-11D3-BF4B-00C04F79EFBC}") = "Vcyber.BLMS.IRepository", "Vcyber.BLMS.IRepository\Vcyber.BLMS.IRepository.csproj", "{350C18D4-DFD8-45D9-9EF3-A949EB2BF56B}"
EndProject
Project("{FAE04EC0-301F-11D3-BF4B-00C04F79EFBC}") = "Vcyber.BLMS.Repository", "Vcyber.BLMS.Repository\Vcyber.BLMS.Repository.csproj", "{DFA29324-6656-41CC-AB32-E804D532766C}"
EndProject
Project("{FAE04EC0-301F-11D3-BF4B-00C04F79EFBC}") = "Vcyber.BLMS.FrontWeb", "Vcyber.BLMS.FrontWeb\Vcyber.BLMS.FrontWeb.csproj", "{7598A7E6-C5A0-415C-BEF5-E0C24A0E3FC1}"
EndProject
Project("{FAE04EC0-301F-11D3-BF4B-00C04F79EFBC}") = "Vcyber.BLMS.ManageWeb", "Vcyber.BLMS.ManageWeb\Vcyber.BLMS.ManageWeb.csproj", "{F4AF3939-7FEA-44DA-A468-329944C5E743}"
EndProject
Project("{FAE04EC0-301F-11D3-BF4B-00C04F79EFBC}") = "AspNet.Identity.SQL", "AspNet.Identity.SQL\AspNet.Identity.SQL.csproj", "{26F6ECF9-4369-417B-8CF2-54FA92DF3660}"
EndProject
Project("{FAE04EC0-301F-11D3-BF4B-00C04F79EFBC}") = "Vcyber.BLMS.WebApi", "Vcyber.BLMS.WebApi\Vcyber.BLMS.WebApi.csproj", "{51E3BA9D-3CDC-46E8-80E9-DB38753E9AF5}"
EndProject
Project("{FAE04EC0-301F-11D3-BF4B-00C04F79EFBC}") = "Vcyber.BLMS.FrontWebRedirect", "Vcyber.BLMS.FrontWebRedirect\Vcyber.BLMS.FrontWebRedirect.csproj", "{199E0264-B8F5-4F98-A90D-6513F1A506DC}"
EndProject
Project("{FAE04EC0-301F-11D3-BF4B-00C04F79EFBC}") = "DiscuzToolkit", "DiscuzToolkit\DiscuzToolkit.csproj", "{0C26C374-2313-4675-BD1A-8CA94A728B1C}"
EndProject
Project("{2150E333-8FDC-42A3-9474-1A3956D46DE8}") = "Search", "Search", "{44BA346B-CB90-4230-975A-3569594EA7BC}"
EndProject
Project("{FAE04EC0-301F-11D3-BF4B-00C04F79EFBC}") = "Vcyber.BLMS.Search", "Vcyber.BLMS.Search\Vcyber.BLMS.Search.csproj", "{D7EEE05F-38AE-436F-A229-C3437C938AA8}"
EndProject
Project("{2150E333-8FDC-42A3-9474-1A3956D46DE8}") = ".nuget", ".nuget", "{BC8FCD8A-928B-4661-8621-3EBE3A6FE6D7}"
	ProjectSection(SolutionItems) = preProject
		.nuget\NuGet.Config = .nuget\NuGet.Config
		.nuget\NuGet.exe = .nuget\NuGet.exe
		.nuget\NuGet.targets = .nuget\NuGet.targets
	EndProjectSection
EndProject
Project("{FAE04EC0-301F-11D3-BF4B-00C04F79EFBC}") = "VcyBer.BLMS.MobileWeb", "VcyBer.BLMS.MobileWeb\VcyBer.BLMS.MobileWeb.csproj", "{44D4FC94-AFBA-4B3F-A0D0-9F8D443E165F}"
EndProject
Global
	GlobalSection(SolutionConfigurationPlatforms) = preSolution
		Debug|Any CPU = Debug|Any CPU
		Deploy|Any CPU = Deploy|Any CPU
		MonoTouch|Any CPU = MonoTouch|Any CPU
		Package|Any CPU = Package|Any CPU
		Release|Any CPU = Release|Any CPU
		Signed|Any CPU = Signed|Any CPU
		STATIC_ONLY NO_EXPRESSIONS|Any CPU = STATIC_ONLY NO_EXPRESSIONS|Any CPU
		Test|Any CPU = Test|Any CPU
	EndGlobalSection
	GlobalSection(ProjectConfigurationPlatforms) = postSolution
		{8F42CB56-8F0B-4DAA-9705-3AC51946FE7E}.Debug|Any CPU.ActiveCfg = Debug|Any CPU
		{8F42CB56-8F0B-4DAA-9705-3AC51946FE7E}.Debug|Any CPU.Build.0 = Debug|Any CPU
		{8F42CB56-8F0B-4DAA-9705-3AC51946FE7E}.Deploy|Any CPU.ActiveCfg = Debug|Any CPU
		{8F42CB56-8F0B-4DAA-9705-3AC51946FE7E}.Deploy|Any CPU.Build.0 = Debug|Any CPU
		{8F42CB56-8F0B-4DAA-9705-3AC51946FE7E}.MonoTouch|Any CPU.ActiveCfg = Release|Any CPU
		{8F42CB56-8F0B-4DAA-9705-3AC51946FE7E}.MonoTouch|Any CPU.Build.0 = Release|Any CPU
		{8F42CB56-8F0B-4DAA-9705-3AC51946FE7E}.Package|Any CPU.ActiveCfg = Release|Any CPU
		{8F42CB56-8F0B-4DAA-9705-3AC51946FE7E}.Package|Any CPU.Build.0 = Release|Any CPU
		{8F42CB56-8F0B-4DAA-9705-3AC51946FE7E}.Release|Any CPU.ActiveCfg = Release|Any CPU
		{8F42CB56-8F0B-4DAA-9705-3AC51946FE7E}.Release|Any CPU.Build.0 = Release|Any CPU
		{8F42CB56-8F0B-4DAA-9705-3AC51946FE7E}.Signed|Any CPU.ActiveCfg = Release|Any CPU
		{8F42CB56-8F0B-4DAA-9705-3AC51946FE7E}.Signed|Any CPU.Build.0 = Release|Any CPU
		{8F42CB56-8F0B-4DAA-9705-3AC51946FE7E}.STATIC_ONLY NO_EXPRESSIONS|Any CPU.ActiveCfg = Release|Any CPU
		{8F42CB56-8F0B-4DAA-9705-3AC51946FE7E}.STATIC_ONLY NO_EXPRESSIONS|Any CPU.Build.0 = Release|Any CPU
		{8F42CB56-8F0B-4DAA-9705-3AC51946FE7E}.Test|Any CPU.ActiveCfg = Test|Any CPU
		{8F42CB56-8F0B-4DAA-9705-3AC51946FE7E}.Test|Any CPU.Build.0 = Test|Any CPU
		{65FFE727-9AE8-49C7-8416-6B707897F105}.Debug|Any CPU.ActiveCfg = Debug|Any CPU
		{65FFE727-9AE8-49C7-8416-6B707897F105}.Debug|Any CPU.Build.0 = Debug|Any CPU
		{65FFE727-9AE8-49C7-8416-6B707897F105}.Deploy|Any CPU.ActiveCfg = Debug|Any CPU
		{65FFE727-9AE8-49C7-8416-6B707897F105}.Deploy|Any CPU.Build.0 = Debug|Any CPU
		{65FFE727-9AE8-49C7-8416-6B707897F105}.MonoTouch|Any CPU.ActiveCfg = Release|Any CPU
		{65FFE727-9AE8-49C7-8416-6B707897F105}.MonoTouch|Any CPU.Build.0 = Release|Any CPU
		{65FFE727-9AE8-49C7-8416-6B707897F105}.Package|Any CPU.ActiveCfg = Release|Any CPU
		{65FFE727-9AE8-49C7-8416-6B707897F105}.Package|Any CPU.Build.0 = Release|Any CPU
		{65FFE727-9AE8-49C7-8416-6B707897F105}.Release|Any CPU.ActiveCfg = Release|Any CPU
		{65FFE727-9AE8-49C7-8416-6B707897F105}.Release|Any CPU.Build.0 = Release|Any CPU
		{65FFE727-9AE8-49C7-8416-6B707897F105}.Signed|Any CPU.ActiveCfg = Release|Any CPU
		{65FFE727-9AE8-49C7-8416-6B707897F105}.Signed|Any CPU.Build.0 = Release|Any CPU
		{65FFE727-9AE8-49C7-8416-6B707897F105}.STATIC_ONLY NO_EXPRESSIONS|Any CPU.ActiveCfg = Release|Any CPU
		{65FFE727-9AE8-49C7-8416-6B707897F105}.STATIC_ONLY NO_EXPRESSIONS|Any CPU.Build.0 = Release|Any CPU
		{65FFE727-9AE8-49C7-8416-6B707897F105}.Test|Any CPU.ActiveCfg = Test|Any CPU
		{65FFE727-9AE8-49C7-8416-6B707897F105}.Test|Any CPU.Build.0 = Test|Any CPU
		{47CFCBBD-D6CC-48C6-83AD-962350D42AC8}.Debug|Any CPU.ActiveCfg = Debug|Any CPU
		{47CFCBBD-D6CC-48C6-83AD-962350D42AC8}.Debug|Any CPU.Build.0 = Debug|Any CPU
		{47CFCBBD-D6CC-48C6-83AD-962350D42AC8}.Deploy|Any CPU.ActiveCfg = Debug|Any CPU
		{47CFCBBD-D6CC-48C6-83AD-962350D42AC8}.Deploy|Any CPU.Build.0 = Debug|Any CPU
		{47CFCBBD-D6CC-48C6-83AD-962350D42AC8}.MonoTouch|Any CPU.ActiveCfg = Release|Any CPU
		{47CFCBBD-D6CC-48C6-83AD-962350D42AC8}.MonoTouch|Any CPU.Build.0 = Release|Any CPU
		{47CFCBBD-D6CC-48C6-83AD-962350D42AC8}.Package|Any CPU.ActiveCfg = Release|Any CPU
		{47CFCBBD-D6CC-48C6-83AD-962350D42AC8}.Package|Any CPU.Build.0 = Release|Any CPU
		{47CFCBBD-D6CC-48C6-83AD-962350D42AC8}.Release|Any CPU.ActiveCfg = Release|Any CPU
		{47CFCBBD-D6CC-48C6-83AD-962350D42AC8}.Release|Any CPU.Build.0 = Release|Any CPU
		{47CFCBBD-D6CC-48C6-83AD-962350D42AC8}.Signed|Any CPU.ActiveCfg = Release|Any CPU
		{47CFCBBD-D6CC-48C6-83AD-962350D42AC8}.Signed|Any CPU.Build.0 = Release|Any CPU
		{47CFCBBD-D6CC-48C6-83AD-962350D42AC8}.STATIC_ONLY NO_EXPRESSIONS|Any CPU.ActiveCfg = Release|Any CPU
		{47CFCBBD-D6CC-48C6-83AD-962350D42AC8}.STATIC_ONLY NO_EXPRESSIONS|Any CPU.Build.0 = Release|Any CPU
		{47CFCBBD-D6CC-48C6-83AD-962350D42AC8}.Test|Any CPU.ActiveCfg = Test|Any CPU
		{47CFCBBD-D6CC-48C6-83AD-962350D42AC8}.Test|Any CPU.Build.0 = Test|Any CPU
		{197FD01D-355D-485D-B6E0-7B4A2940D2AA}.Debug|Any CPU.ActiveCfg = Debug|Any CPU
		{197FD01D-355D-485D-B6E0-7B4A2940D2AA}.Debug|Any CPU.Build.0 = Debug|Any CPU
		{197FD01D-355D-485D-B6E0-7B4A2940D2AA}.Deploy|Any CPU.ActiveCfg = Debug|Any CPU
		{197FD01D-355D-485D-B6E0-7B4A2940D2AA}.Deploy|Any CPU.Build.0 = Debug|Any CPU
		{197FD01D-355D-485D-B6E0-7B4A2940D2AA}.MonoTouch|Any CPU.ActiveCfg = Release|Any CPU
		{197FD01D-355D-485D-B6E0-7B4A2940D2AA}.MonoTouch|Any CPU.Build.0 = Release|Any CPU
		{197FD01D-355D-485D-B6E0-7B4A2940D2AA}.Package|Any CPU.ActiveCfg = Release|Any CPU
		{197FD01D-355D-485D-B6E0-7B4A2940D2AA}.Package|Any CPU.Build.0 = Release|Any CPU
		{197FD01D-355D-485D-B6E0-7B4A2940D2AA}.Release|Any CPU.ActiveCfg = Release|Any CPU
		{197FD01D-355D-485D-B6E0-7B4A2940D2AA}.Release|Any CPU.Build.0 = Release|Any CPU
		{197FD01D-355D-485D-B6E0-7B4A2940D2AA}.Signed|Any CPU.ActiveCfg = Release|Any CPU
		{197FD01D-355D-485D-B6E0-7B4A2940D2AA}.Signed|Any CPU.Build.0 = Release|Any CPU
		{197FD01D-355D-485D-B6E0-7B4A2940D2AA}.STATIC_ONLY NO_EXPRESSIONS|Any CPU.ActiveCfg = Release|Any CPU
		{197FD01D-355D-485D-B6E0-7B4A2940D2AA}.STATIC_ONLY NO_EXPRESSIONS|Any CPU.Build.0 = Release|Any CPU
		{197FD01D-355D-485D-B6E0-7B4A2940D2AA}.Test|Any CPU.ActiveCfg = Test|Any CPU
		{197FD01D-355D-485D-B6E0-7B4A2940D2AA}.Test|Any CPU.Build.0 = Test|Any CPU
		{350C18D4-DFD8-45D9-9EF3-A949EB2BF56B}.Debug|Any CPU.ActiveCfg = Debug|Any CPU
		{350C18D4-DFD8-45D9-9EF3-A949EB2BF56B}.Debug|Any CPU.Build.0 = Debug|Any CPU
		{350C18D4-DFD8-45D9-9EF3-A949EB2BF56B}.Deploy|Any CPU.ActiveCfg = Debug|Any CPU
		{350C18D4-DFD8-45D9-9EF3-A949EB2BF56B}.Deploy|Any CPU.Build.0 = Debug|Any CPU
		{350C18D4-DFD8-45D9-9EF3-A949EB2BF56B}.MonoTouch|Any CPU.ActiveCfg = Release|Any CPU
		{350C18D4-DFD8-45D9-9EF3-A949EB2BF56B}.MonoTouch|Any CPU.Build.0 = Release|Any CPU
		{350C18D4-DFD8-45D9-9EF3-A949EB2BF56B}.Package|Any CPU.ActiveCfg = Release|Any CPU
		{350C18D4-DFD8-45D9-9EF3-A949EB2BF56B}.Package|Any CPU.Build.0 = Release|Any CPU
		{350C18D4-DFD8-45D9-9EF3-A949EB2BF56B}.Release|Any CPU.ActiveCfg = Release|Any CPU
		{350C18D4-DFD8-45D9-9EF3-A949EB2BF56B}.Release|Any CPU.Build.0 = Release|Any CPU
		{350C18D4-DFD8-45D9-9EF3-A949EB2BF56B}.Signed|Any CPU.ActiveCfg = Release|Any CPU
		{350C18D4-DFD8-45D9-9EF3-A949EB2BF56B}.Signed|Any CPU.Build.0 = Release|Any CPU
		{350C18D4-DFD8-45D9-9EF3-A949EB2BF56B}.STATIC_ONLY NO_EXPRESSIONS|Any CPU.ActiveCfg = Release|Any CPU
		{350C18D4-DFD8-45D9-9EF3-A949EB2BF56B}.STATIC_ONLY NO_EXPRESSIONS|Any CPU.Build.0 = Release|Any CPU
		{350C18D4-DFD8-45D9-9EF3-A949EB2BF56B}.Test|Any CPU.ActiveCfg = Test|Any CPU
		{350C18D4-DFD8-45D9-9EF3-A949EB2BF56B}.Test|Any CPU.Build.0 = Test|Any CPU
		{DFA29324-6656-41CC-AB32-E804D532766C}.Debug|Any CPU.ActiveCfg = Debug|Any CPU
		{DFA29324-6656-41CC-AB32-E804D532766C}.Debug|Any CPU.Build.0 = Debug|Any CPU
		{DFA29324-6656-41CC-AB32-E804D532766C}.Deploy|Any CPU.ActiveCfg = Debug|Any CPU
		{DFA29324-6656-41CC-AB32-E804D532766C}.Deploy|Any CPU.Build.0 = Debug|Any CPU
		{DFA29324-6656-41CC-AB32-E804D532766C}.MonoTouch|Any CPU.ActiveCfg = Release|Any CPU
		{DFA29324-6656-41CC-AB32-E804D532766C}.MonoTouch|Any CPU.Build.0 = Release|Any CPU
		{DFA29324-6656-41CC-AB32-E804D532766C}.Package|Any CPU.ActiveCfg = Release|Any CPU
		{DFA29324-6656-41CC-AB32-E804D532766C}.Package|Any CPU.Build.0 = Release|Any CPU
		{DFA29324-6656-41CC-AB32-E804D532766C}.Release|Any CPU.ActiveCfg = Release|Any CPU
		{DFA29324-6656-41CC-AB32-E804D532766C}.Release|Any CPU.Build.0 = Release|Any CPU
		{DFA29324-6656-41CC-AB32-E804D532766C}.Signed|Any CPU.ActiveCfg = Release|Any CPU
		{DFA29324-6656-41CC-AB32-E804D532766C}.Signed|Any CPU.Build.0 = Release|Any CPU
		{DFA29324-6656-41CC-AB32-E804D532766C}.STATIC_ONLY NO_EXPRESSIONS|Any CPU.ActiveCfg = Release|Any CPU
		{DFA29324-6656-41CC-AB32-E804D532766C}.STATIC_ONLY NO_EXPRESSIONS|Any CPU.Build.0 = Release|Any CPU
		{DFA29324-6656-41CC-AB32-E804D532766C}.Test|Any CPU.ActiveCfg = Test|Any CPU
		{DFA29324-6656-41CC-AB32-E804D532766C}.Test|Any CPU.Build.0 = Test|Any CPU
		{7598A7E6-C5A0-415C-BEF5-E0C24A0E3FC1}.Debug|Any CPU.ActiveCfg = Debug|Any CPU
		{7598A7E6-C5A0-415C-BEF5-E0C24A0E3FC1}.Debug|Any CPU.Build.0 = Debug|Any CPU
		{7598A7E6-C5A0-415C-BEF5-E0C24A0E3FC1}.Deploy|Any CPU.ActiveCfg = Debug|Any CPU
		{7598A7E6-C5A0-415C-BEF5-E0C24A0E3FC1}.Deploy|Any CPU.Build.0 = Debug|Any CPU
		{7598A7E6-C5A0-415C-BEF5-E0C24A0E3FC1}.MonoTouch|Any CPU.ActiveCfg = Release|Any CPU
		{7598A7E6-C5A0-415C-BEF5-E0C24A0E3FC1}.MonoTouch|Any CPU.Build.0 = Release|Any CPU
		{7598A7E6-C5A0-415C-BEF5-E0C24A0E3FC1}.Package|Any CPU.ActiveCfg = Release|Any CPU
		{7598A7E6-C5A0-415C-BEF5-E0C24A0E3FC1}.Package|Any CPU.Build.0 = Release|Any CPU
		{7598A7E6-C5A0-415C-BEF5-E0C24A0E3FC1}.Release|Any CPU.ActiveCfg = Release|Any CPU
		{7598A7E6-C5A0-415C-BEF5-E0C24A0E3FC1}.Release|Any CPU.Build.0 = Release|Any CPU
		{7598A7E6-C5A0-415C-BEF5-E0C24A0E3FC1}.Signed|Any CPU.ActiveCfg = Signed|Any CPU
		{7598A7E6-C5A0-415C-BEF5-E0C24A0E3FC1}.Signed|Any CPU.Build.0 = Signed|Any CPU
		{7598A7E6-C5A0-415C-BEF5-E0C24A0E3FC1}.STATIC_ONLY NO_EXPRESSIONS|Any CPU.ActiveCfg = Release|Any CPU
		{7598A7E6-C5A0-415C-BEF5-E0C24A0E3FC1}.STATIC_ONLY NO_EXPRESSIONS|Any CPU.Build.0 = Release|Any CPU
		{7598A7E6-C5A0-415C-BEF5-E0C24A0E3FC1}.Test|Any CPU.ActiveCfg = Test|Any CPU
		{7598A7E6-C5A0-415C-BEF5-E0C24A0E3FC1}.Test|Any CPU.Build.0 = Test|Any CPU
		{F4AF3939-7FEA-44DA-A468-329944C5E743}.Debug|Any CPU.ActiveCfg = Debug|Any CPU
		{F4AF3939-7FEA-44DA-A468-329944C5E743}.Debug|Any CPU.Build.0 = Debug|Any CPU
		{F4AF3939-7FEA-44DA-A468-329944C5E743}.Deploy|Any CPU.ActiveCfg = Debug|Any CPU
		{F4AF3939-7FEA-44DA-A468-329944C5E743}.Deploy|Any CPU.Build.0 = Debug|Any CPU
		{F4AF3939-7FEA-44DA-A468-329944C5E743}.MonoTouch|Any CPU.ActiveCfg = Release|Any CPU
		{F4AF3939-7FEA-44DA-A468-329944C5E743}.MonoTouch|Any CPU.Build.0 = Release|Any CPU
		{F4AF3939-7FEA-44DA-A468-329944C5E743}.Package|Any CPU.ActiveCfg = Release|Any CPU
		{F4AF3939-7FEA-44DA-A468-329944C5E743}.Package|Any CPU.Build.0 = Release|Any CPU
		{F4AF3939-7FEA-44DA-A468-329944C5E743}.Release|Any CPU.ActiveCfg = Release|Any CPU
		{F4AF3939-7FEA-44DA-A468-329944C5E743}.Release|Any CPU.Build.0 = Release|Any CPU
		{F4AF3939-7FEA-44DA-A468-329944C5E743}.Signed|Any CPU.ActiveCfg = Signed|Any CPU
		{F4AF3939-7FEA-44DA-A468-329944C5E743}.Signed|Any CPU.Build.0 = Signed|Any CPU
		{F4AF3939-7FEA-44DA-A468-329944C5E743}.STATIC_ONLY NO_EXPRESSIONS|Any CPU.ActiveCfg = Release|Any CPU
		{F4AF3939-7FEA-44DA-A468-329944C5E743}.STATIC_ONLY NO_EXPRESSIONS|Any CPU.Build.0 = Release|Any CPU
		{F4AF3939-7FEA-44DA-A468-329944C5E743}.Test|Any CPU.ActiveCfg = Test|Any CPU
		{F4AF3939-7FEA-44DA-A468-329944C5E743}.Test|Any CPU.Build.0 = Test|Any CPU
		{26F6ECF9-4369-417B-8CF2-54FA92DF3660}.Debug|Any CPU.ActiveCfg = Debug|Any CPU
		{26F6ECF9-4369-417B-8CF2-54FA92DF3660}.Debug|Any CPU.Build.0 = Debug|Any CPU
		{26F6ECF9-4369-417B-8CF2-54FA92DF3660}.Deploy|Any CPU.ActiveCfg = Debug|Any CPU
		{26F6ECF9-4369-417B-8CF2-54FA92DF3660}.Deploy|Any CPU.Build.0 = Debug|Any CPU
		{26F6ECF9-4369-417B-8CF2-54FA92DF3660}.MonoTouch|Any CPU.ActiveCfg = Release|Any CPU
		{26F6ECF9-4369-417B-8CF2-54FA92DF3660}.MonoTouch|Any CPU.Build.0 = Release|Any CPU
		{26F6ECF9-4369-417B-8CF2-54FA92DF3660}.Package|Any CPU.ActiveCfg = Release|Any CPU
		{26F6ECF9-4369-417B-8CF2-54FA92DF3660}.Package|Any CPU.Build.0 = Release|Any CPU
		{26F6ECF9-4369-417B-8CF2-54FA92DF3660}.Release|Any CPU.ActiveCfg = Release|Any CPU
		{26F6ECF9-4369-417B-8CF2-54FA92DF3660}.Release|Any CPU.Build.0 = Release|Any CPU
		{26F6ECF9-4369-417B-8CF2-54FA92DF3660}.Signed|Any CPU.ActiveCfg = Release|Any CPU
		{26F6ECF9-4369-417B-8CF2-54FA92DF3660}.Signed|Any CPU.Build.0 = Release|Any CPU
		{26F6ECF9-4369-417B-8CF2-54FA92DF3660}.STATIC_ONLY NO_EXPRESSIONS|Any CPU.ActiveCfg = Release|Any CPU
		{26F6ECF9-4369-417B-8CF2-54FA92DF3660}.STATIC_ONLY NO_EXPRESSIONS|Any CPU.Build.0 = Release|Any CPU
		{26F6ECF9-4369-417B-8CF2-54FA92DF3660}.Test|Any CPU.ActiveCfg = Test|Any CPU
		{26F6ECF9-4369-417B-8CF2-54FA92DF3660}.Test|Any CPU.Build.0 = Test|Any CPU
		{51E3BA9D-3CDC-46E8-80E9-DB38753E9AF5}.Debug|Any CPU.ActiveCfg = Debug|Any CPU
		{51E3BA9D-3CDC-46E8-80E9-DB38753E9AF5}.Debug|Any CPU.Build.0 = Debug|Any CPU
		{51E3BA9D-3CDC-46E8-80E9-DB38753E9AF5}.Deploy|Any CPU.ActiveCfg = Debug|Any CPU
		{51E3BA9D-3CDC-46E8-80E9-DB38753E9AF5}.Deploy|Any CPU.Build.0 = Debug|Any CPU
		{51E3BA9D-3CDC-46E8-80E9-DB38753E9AF5}.MonoTouch|Any CPU.ActiveCfg = Release|Any CPU
		{51E3BA9D-3CDC-46E8-80E9-DB38753E9AF5}.MonoTouch|Any CPU.Build.0 = Release|Any CPU
		{51E3BA9D-3CDC-46E8-80E9-DB38753E9AF5}.Package|Any CPU.ActiveCfg = Release|Any CPU
		{51E3BA9D-3CDC-46E8-80E9-DB38753E9AF5}.Package|Any CPU.Build.0 = Release|Any CPU
		{51E3BA9D-3CDC-46E8-80E9-DB38753E9AF5}.Release|Any CPU.ActiveCfg = Release|Any CPU
		{51E3BA9D-3CDC-46E8-80E9-DB38753E9AF5}.Release|Any CPU.Build.0 = Release|Any CPU
		{51E3BA9D-3CDC-46E8-80E9-DB38753E9AF5}.Signed|Any CPU.ActiveCfg = Signed|Any CPU
		{51E3BA9D-3CDC-46E8-80E9-DB38753E9AF5}.Signed|Any CPU.Build.0 = Signed|Any CPU
		{51E3BA9D-3CDC-46E8-80E9-DB38753E9AF5}.STATIC_ONLY NO_EXPRESSIONS|Any CPU.ActiveCfg = Release|Any CPU
		{51E3BA9D-3CDC-46E8-80E9-DB38753E9AF5}.STATIC_ONLY NO_EXPRESSIONS|Any CPU.Build.0 = Release|Any CPU
		{51E3BA9D-3CDC-46E8-80E9-DB38753E9AF5}.Test|Any CPU.ActiveCfg = Test|Any CPU
		{51E3BA9D-3CDC-46E8-80E9-DB38753E9AF5}.Test|Any CPU.Build.0 = Test|Any CPU
		{199E0264-B8F5-4F98-A90D-6513F1A506DC}.Debug|Any CPU.ActiveCfg = Debug|Any CPU
		{199E0264-B8F5-4F98-A90D-6513F1A506DC}.Debug|Any CPU.Build.0 = Debug|Any CPU
		{199E0264-B8F5-4F98-A90D-6513F1A506DC}.Deploy|Any CPU.ActiveCfg = Debug|Any CPU
		{199E0264-B8F5-4F98-A90D-6513F1A506DC}.Deploy|Any CPU.Build.0 = Debug|Any CPU
		{199E0264-B8F5-4F98-A90D-6513F1A506DC}.MonoTouch|Any CPU.ActiveCfg = Release|Any CPU
		{199E0264-B8F5-4F98-A90D-6513F1A506DC}.MonoTouch|Any CPU.Build.0 = Release|Any CPU
		{199E0264-B8F5-4F98-A90D-6513F1A506DC}.Package|Any CPU.ActiveCfg = Release|Any CPU
		{199E0264-B8F5-4F98-A90D-6513F1A506DC}.Package|Any CPU.Build.0 = Release|Any CPU
		{199E0264-B8F5-4F98-A90D-6513F1A506DC}.Release|Any CPU.ActiveCfg = Release|Any CPU
		{199E0264-B8F5-4F98-A90D-6513F1A506DC}.Release|Any CPU.Build.0 = Release|Any CPU
		{199E0264-B8F5-4F98-A90D-6513F1A506DC}.Signed|Any CPU.ActiveCfg = Release|Any CPU
		{199E0264-B8F5-4F98-A90D-6513F1A506DC}.Signed|Any CPU.Build.0 = Release|Any CPU
		{199E0264-B8F5-4F98-A90D-6513F1A506DC}.STATIC_ONLY NO_EXPRESSIONS|Any CPU.ActiveCfg = Release|Any CPU
		{199E0264-B8F5-4F98-A90D-6513F1A506DC}.STATIC_ONLY NO_EXPRESSIONS|Any CPU.Build.0 = Release|Any CPU
		{199E0264-B8F5-4F98-A90D-6513F1A506DC}.Test|Any CPU.ActiveCfg = Test|Any CPU
		{199E0264-B8F5-4F98-A90D-6513F1A506DC}.Test|Any CPU.Build.0 = Test|Any CPU
		{0C26C374-2313-4675-BD1A-8CA94A728B1C}.Debug|Any CPU.ActiveCfg = Debug|Any CPU
		{0C26C374-2313-4675-BD1A-8CA94A728B1C}.Debug|Any CPU.Build.0 = Debug|Any CPU
		{0C26C374-2313-4675-BD1A-8CA94A728B1C}.Deploy|Any CPU.ActiveCfg = Debug|Any CPU
		{0C26C374-2313-4675-BD1A-8CA94A728B1C}.Deploy|Any CPU.Build.0 = Debug|Any CPU
		{0C26C374-2313-4675-BD1A-8CA94A728B1C}.MonoTouch|Any CPU.ActiveCfg = Release|Any CPU
		{0C26C374-2313-4675-BD1A-8CA94A728B1C}.MonoTouch|Any CPU.Build.0 = Release|Any CPU
		{0C26C374-2313-4675-BD1A-8CA94A728B1C}.Package|Any CPU.ActiveCfg = Release|Any CPU
		{0C26C374-2313-4675-BD1A-8CA94A728B1C}.Package|Any CPU.Build.0 = Release|Any CPU
		{0C26C374-2313-4675-BD1A-8CA94A728B1C}.Release|Any CPU.ActiveCfg = Release|Any CPU
		{0C26C374-2313-4675-BD1A-8CA94A728B1C}.Release|Any CPU.Build.0 = Release|Any CPU
		{0C26C374-2313-4675-BD1A-8CA94A728B1C}.Signed|Any CPU.ActiveCfg = Release|Any CPU
		{0C26C374-2313-4675-BD1A-8CA94A728B1C}.Signed|Any CPU.Build.0 = Release|Any CPU
		{0C26C374-2313-4675-BD1A-8CA94A728B1C}.STATIC_ONLY NO_EXPRESSIONS|Any CPU.ActiveCfg = Release|Any CPU
		{0C26C374-2313-4675-BD1A-8CA94A728B1C}.STATIC_ONLY NO_EXPRESSIONS|Any CPU.Build.0 = Release|Any CPU
		{0C26C374-2313-4675-BD1A-8CA94A728B1C}.Test|Any CPU.ActiveCfg = Release|Any CPU
		{0C26C374-2313-4675-BD1A-8CA94A728B1C}.Test|Any CPU.Build.0 = Release|Any CPU
		{D7EEE05F-38AE-436F-A229-C3437C938AA8}.Debug|Any CPU.ActiveCfg = Debug|Any CPU
		{D7EEE05F-38AE-436F-A229-C3437C938AA8}.Debug|Any CPU.Build.0 = Debug|Any CPU
		{D7EEE05F-38AE-436F-A229-C3437C938AA8}.Deploy|Any CPU.ActiveCfg = Debug|Any CPU
		{D7EEE05F-38AE-436F-A229-C3437C938AA8}.Deploy|Any CPU.Build.0 = Debug|Any CPU
		{D7EEE05F-38AE-436F-A229-C3437C938AA8}.MonoTouch|Any CPU.ActiveCfg = Release|Any CPU
		{D7EEE05F-38AE-436F-A229-C3437C938AA8}.MonoTouch|Any CPU.Build.0 = Release|Any CPU
		{D7EEE05F-38AE-436F-A229-C3437C938AA8}.Package|Any CPU.ActiveCfg = Release|Any CPU
		{D7EEE05F-38AE-436F-A229-C3437C938AA8}.Package|Any CPU.Build.0 = Release|Any CPU
		{D7EEE05F-38AE-436F-A229-C3437C938AA8}.Release|Any CPU.ActiveCfg = Release|Any CPU
		{D7EEE05F-38AE-436F-A229-C3437C938AA8}.Release|Any CPU.Build.0 = Release|Any CPU
		{D7EEE05F-38AE-436F-A229-C3437C938AA8}.Signed|Any CPU.ActiveCfg = Release|Any CPU
		{D7EEE05F-38AE-436F-A229-C3437C938AA8}.Signed|Any CPU.Build.0 = Release|Any CPU
		{D7EEE05F-38AE-436F-A229-C3437C938AA8}.STATIC_ONLY NO_EXPRESSIONS|Any CPU.ActiveCfg = Release|Any CPU
		{D7EEE05F-38AE-436F-A229-C3437C938AA8}.STATIC_ONLY NO_EXPRESSIONS|Any CPU.Build.0 = Release|Any CPU
		{D7EEE05F-38AE-436F-A229-C3437C938AA8}.Test|Any CPU.ActiveCfg = Release|Any CPU
		{D7EEE05F-38AE-436F-A229-C3437C938AA8}.Test|Any CPU.Build.0 = Release|Any CPU
		{44D4FC94-AFBA-4B3F-A0D0-9F8D443E165F}.Debug|Any CPU.ActiveCfg = Debug|Any CPU
		{44D4FC94-AFBA-4B3F-A0D0-9F8D443E165F}.Debug|Any CPU.Build.0 = Debug|Any CPU
		{44D4FC94-AFBA-4B3F-A0D0-9F8D443E165F}.Deploy|Any CPU.ActiveCfg = Debug|Any CPU
		{44D4FC94-AFBA-4B3F-A0D0-9F8D443E165F}.Deploy|Any CPU.Build.0 = Debug|Any CPU
		{44D4FC94-AFBA-4B3F-A0D0-9F8D443E165F}.MonoTouch|Any CPU.ActiveCfg = Release|Any CPU
		{44D4FC94-AFBA-4B3F-A0D0-9F8D443E165F}.MonoTouch|Any CPU.Build.0 = Release|Any CPU
		{44D4FC94-AFBA-4B3F-A0D0-9F8D443E165F}.Package|Any CPU.ActiveCfg = Release|Any CPU
		{44D4FC94-AFBA-4B3F-A0D0-9F8D443E165F}.Package|Any CPU.Build.0 = Release|Any CPU
		{44D4FC94-AFBA-4B3F-A0D0-9F8D443E165F}.Release|Any CPU.ActiveCfg = Release|Any CPU
		{44D4FC94-AFBA-4B3F-A0D0-9F8D443E165F}.Release|Any CPU.Build.0 = Release|Any CPU
		{44D4FC94-AFBA-4B3F-A0D0-9F8D443E165F}.Signed|Any CPU.ActiveCfg = Release|Any CPU
		{44D4FC94-AFBA-4B3F-A0D0-9F8D443E165F}.Signed|Any CPU.Build.0 = Release|Any CPU
		{44D4FC94-AFBA-4B3F-A0D0-9F8D443E165F}.STATIC_ONLY NO_EXPRESSIONS|Any CPU.ActiveCfg = Release|Any CPU
		{44D4FC94-AFBA-4B3F-A0D0-9F8D443E165F}.STATIC_ONLY NO_EXPRESSIONS|Any CPU.Build.0 = Release|Any CPU
		{44D4FC94-AFBA-4B3F-A0D0-9F8D443E165F}.Test|Any CPU.ActiveCfg = Release|Any CPU
		{44D4FC94-AFBA-4B3F-A0D0-9F8D443E165F}.Test|Any CPU.Build.0 = Release|Any CPU
	EndGlobalSection
	GlobalSection(SolutionProperties) = preSolution
		HideSolutionNode = FALSE
	EndGlobalSection
	GlobalSection(NestedProjects) = preSolution
		{8F42CB56-8F0B-4DAA-9705-3AC51946FE7E} = {CB1B0FA9-EA7B-4B4F-BEA3-E50B60534A73}
		{65FFE727-9AE8-49C7-8416-6B707897F105} = {CB1B0FA9-EA7B-4B4F-BEA3-E50B60534A73}
		{47CFCBBD-D6CC-48C6-83AD-962350D42AC8} = {2535DF2D-4A40-4CBB-B318-4AA2A0B26C60}
		{197FD01D-355D-485D-B6E0-7B4A2940D2AA} = {2535DF2D-4A40-4CBB-B318-4AA2A0B26C60}
		{350C18D4-DFD8-45D9-9EF3-A949EB2BF56B} = {488A117C-0226-4447-A1F5-34B465CB7E97}
		{DFA29324-6656-41CC-AB32-E804D532766C} = {488A117C-0226-4447-A1F5-34B465CB7E97}
		{7598A7E6-C5A0-415C-BEF5-E0C24A0E3FC1} = {6018A1FC-6BE0-4ED8-A48C-5C40CCA155E3}
		{F4AF3939-7FEA-44DA-A468-329944C5E743} = {6018A1FC-6BE0-4ED8-A48C-5C40CCA155E3}
		{26F6ECF9-4369-417B-8CF2-54FA92DF3660} = {2535DF2D-4A40-4CBB-B318-4AA2A0B26C60}
		{51E3BA9D-3CDC-46E8-80E9-DB38753E9AF5} = {CD0A2643-8200-416F-8551-024695C72436}
		{199E0264-B8F5-4F98-A90D-6513F1A506DC} = {6018A1FC-6BE0-4ED8-A48C-5C40CCA155E3}
		{0C26C374-2313-4675-BD1A-8CA94A728B1C} = {6018A1FC-6BE0-4ED8-A48C-5C40CCA155E3}
		{D7EEE05F-38AE-436F-A229-C3437C938AA8} = {44BA346B-CB90-4230-975A-3569594EA7BC}
		{44D4FC94-AFBA-4B3F-A0D0-9F8D443E165F} = {6018A1FC-6BE0-4ED8-A48C-5C40CCA155E3}
	EndGlobalSection
	GlobalSection(SubversionScc) = preSolution
		Svn-Managed = True
		Manager = AnkhSVN - Subversion Support for Visual Studio
	EndGlobalSection
EndGlobal
